
Microsoft Visual Studio Solution File, Format Version 12.00
# Visual Studio 14
VisualStudioVersion = 14.0.25123.0
MinimumVisualStudioVersion = 10.0.40219.1
Project("{FAE04EC0-301F-11D3-BF4B-00C04F79EFBC}") = "OpenXml.Utils", "src\OpenXml.Utils\OpenXml.Utils.csproj", "{B7794EF2-385E-45DA-A1AE-298D2E554B13}"
EndProject
Project("{7CF6DF6D-3B04-46F8-A40B-537D21BCA0B4}") = "OpenXml.Utils.Doc", "doc\OpenXml.Utils.Doc\OpenXml.Utils.Doc.shfbproj", "{D609A99E-A05D-458E-AA5B-7738C8497E8B}"
EndProject
Project("{FAE04EC0-301F-11D3-BF4B-00C04F79EFBC}") = "OpenXml.UtilsTests", "test\OpenXml.UtilsTests\OpenXml.UtilsTests.csproj", "{42DDDEDA-2907-4C07-8EC0-3D9FED823CA4}"
EndProject
Global
	GlobalSection(SolutionConfigurationPlatforms) = preSolution
		Debug|Any CPU = Debug|Any CPU
		Release|Any CPU = Release|Any CPU
	EndGlobalSection
	GlobalSection(ProjectConfigurationPlatforms) = postSolution
		{B7794EF2-385E-45DA-A1AE-298D2E554B13}.Debug|Any CPU.ActiveCfg = Debug|Any CPU
		{B7794EF2-385E-45DA-A1AE-298D2E554B13}.Debug|Any CPU.Build.0 = Debug|Any CPU
		{B7794EF2-385E-45DA-A1AE-298D2E554B13}.Release|Any CPU.ActiveCfg = Release|Any CPU
		{B7794EF2-385E-45DA-A1AE-298D2E554B13}.Release|Any CPU.Build.0 = Release|Any CPU
		{D609A99E-A05D-458E-AA5B-7738C8497E8B}.Debug|Any CPU.ActiveCfg = Debug|Any CPU
		{D609A99E-A05D-458E-AA5B-7738C8497E8B}.Debug|Any CPU.Build.0 = Debug|Any CPU
		{D609A99E-A05D-458E-AA5B-7738C8497E8B}.Release|Any CPU.ActiveCfg = Release|Any CPU
		{D609A99E-A05D-458E-AA5B-7738C8497E8B}.Release|Any CPU.Build.0 = Release|Any CPU
		{42DDDEDA-2907-4C07-8EC0-3D9FED823CA4}.Debug|Any CPU.ActiveCfg = Debug|Any CPU
		{42DDDEDA-2907-4C07-8EC0-3D9FED823CA4}.Debug|Any CPU.Build.0 = Debug|Any CPU
		{42DDDEDA-2907-4C07-8EC0-3D9FED823CA4}.Release|Any CPU.ActiveCfg = Release|Any CPU
		{42DDDEDA-2907-4C07-8EC0-3D9FED823CA4}.Release|Any CPU.Build.0 = Release|Any CPU
	EndGlobalSection
	GlobalSection(SolutionProperties) = preSolution
		HideSolutionNode = FALSE
	EndGlobalSection
EndGlobal
